// !$*UTF8*$!
{
	archiveVersion = 1;
	classes = {
	};
	objectVersion = 77;
	objects = {

/* Begin PBXBuildFile section */
		00DC0C42356E512A02DDCE33 /* HabitStore.swift in Sources */ = {isa = PBXBuildFile; fileRef = FAC0ADFD93B0C827C201EDA2 /* HabitStore.swift */; };
		109D4108173DB5394F39B9B1 /* HabitTimelineProvider.swift in Sources */ = {isa = PBXBuildFile; fileRef = C4D3047D312D4824B1FEB92B /* HabitTimelineProvider.swift */; };
		2A669B780D63ACF24C9112DC /* SharedContainer.swift in Sources */ = {isa = PBXBuildFile; fileRef = DE6259B3314A1C345558E11E /* SharedContainer.swift */; };
		2F0A002CDDC064089FD55ACA /* AppIntents.framework in Frameworks */ = {isa = PBXBuildFile; fileRef = 83540EAD92B732DE07DA4D01 /* AppIntents.framework */; };
		352098F920FB25A417210379 /* Item.swift in Sources */ = {isa = PBXBuildFile; fileRef = 393C1F19CF4BFA83D18E3A1A /* Item.swift */; };
		4D51497A197329C1BC190014 /* SwiftUI.framework in Frameworks */ = {isa = PBXBuildFile; fileRef = CCC03042957F07E9FF1A8AB2 /* SwiftUI.framework */; };
		4EE12300489FEA7D5F4E185E /* WidgetKit.framework in Frameworks */ = {isa = PBXBuildFile; fileRef = 52C42CFD1A1D9A9AB0DFE965 /* WidgetKit.framework */; };
		779696B259FFDE96F48C3979 /* Habit.swift in Sources */ = {isa = PBXBuildFile; fileRef = 70BABFD22FF199987257FDC2 /* Habit.swift */; };
		7C7B756B6F548D1AFD36BEC0 /* Foundation.framework in Frameworks */ = {isa = PBXBuildFile; fileRef = 0494D722D307F0BF359F7BBC /* Foundation.framework */; };
		81E992BEFAEC6D943D24D8AB /* ductivaWidgets.appex in Embed Foundation Extensions */ = {isa = PBXBuildFile; fileRef = 650454426FB169A32581DA70 /* ductivaWidgets.appex */; settings = {ATTRIBUTES = (RemoveHeadersOnCopy, ); }; };
		8301CEBBCF1DAA08FD7AE870 /* ductivaWidgetsBundle.swift in Sources */ = {isa = PBXBuildFile; fileRef = C3EB200C78B38607C869C9D6 /* ductivaWidgetsBundle.swift */; };
		E79569714B622F9B149D21CA /* HabitSelectionIntent.swift in Sources */ = {isa = PBXBuildFile; fileRef = 13999CFE919EB5BC19A11324 /* HabitSelectionIntent.swift */; };
		F546DABB639BC485C89DB6B1 /* ductivaWidgets.swift in Sources */ = {isa = PBXBuildFile; fileRef = CA6DD409717A4593EC68C1D1 /* ductivaWidgets.swift */; };
/* End PBXBuildFile section */

/* Begin PBXContainerItemProxy section */
		A0B1C2DC2F463421004AEA7D /* PBXContainerItemProxy */ = {
			isa = PBXContainerItemProxy;
			containerPortal = 85D95B992F463421004AEA7D /* Project object */;
			proxyType = 1;
			remoteGlobalIDString = 85D95BA02F463421004AEA7D;
			remoteInfo = ductiva;
		};
/* End PBXContainerItemProxy section */

/* Begin PBXCopyFilesBuildPhase section */
		45E7C05DFCBD47C389ECAAD8 /* Embed Foundation Extensions */ = {
			isa = PBXCopyFilesBuildPhase;
			buildActionMask = 2147483647;
			dstPath = "";
			dstSubfolderSpec = 13;
			files = (
				81E992BEFAEC6D943D24D8AB /* ductivaWidgets.appex in Embed Foundation Extensions */,
			);
			name = "Embed Foundation Extensions";
			runOnlyForDeploymentPostprocessing = 0;
		};
/* End PBXCopyFilesBuildPhase section */

/* Begin PBXFileReference section */
		0494D722D307F0BF359F7BBC /* Foundation.framework */ = {isa = PBXFileReference; lastKnownFileType = wrapper.framework; name = Foundation.framework; path = Platforms/MacOSX.platform/Developer/SDKs/MacOSX15.0.sdk/System/Library/Frameworks/Foundation.framework; sourceTree = DEVELOPER_DIR; };
		13999CFE919EB5BC19A11324 /* HabitSelectionIntent.swift */ = {isa = PBXFileReference; includeInIndex = 1; name = HabitSelectionIntent.swift; path = ductivaWidgets/HabitSelectionIntent.swift; sourceTree = "<group>"; };
		393C1F19CF4BFA83D18E3A1A /* Item.swift */ = {isa = PBXFileReference; includeInIndex = 1; lastKnownFileType = sourcecode.swift; name = Item.swift; path = ductiva/Item.swift; sourceTree = "<group>"; };
		52C42CFD1A1D9A9AB0DFE965 /* WidgetKit.framework */ = {isa = PBXFileReference; lastKnownFileType = wrapper.framework; name = WidgetKit.framework; path = System/Library/Frameworks/WidgetKit.framework; sourceTree = "<group>"; };
		650454426FB169A32581DA70 /* ductivaWidgets.appex */ = {isa = PBXFileReference; explicitFileType = "wrapper.app-extension"; includeInIndex = 0; path = ductivaWidgets.appex; sourceTree = BUILT_PRODUCTS_DIR; };
		70BABFD22FF199987257FDC2 /* Habit.swift */ = {isa = PBXFileReference; includeInIndex = 1; lastKnownFileType = sourcecode.swift; name = Habit.swift; path = ductiva/Habit.swift; sourceTree = "<group>"; };
		83540EAD92B732DE07DA4D01 /* AppIntents.framework */ = {isa = PBXFileReference; lastKnownFileType = wrapper.framework; name = AppIntents.framework; path = System/Library/Frameworks/AppIntents.framework; sourceTree = "<group>"; };
		85D95BA12F463421004AEA7D /* ductiva.app */ = {isa = PBXFileReference; explicitFileType = wrapper.application; includeInIndex = 0; path = ductiva.app; sourceTree = BUILT_PRODUCTS_DIR; };
		A0B1C2D32F463421004AEA7D /* ductivaTests.xctest */ = {isa = PBXFileReference; explicitFileType = wrapper.cfbundle; includeInIndex = 0; path = ductivaTests.xctest; sourceTree = BUILT_PRODUCTS_DIR; };
		C3EB200C78B38607C869C9D6 /* ductivaWidgetsBundle.swift */ = {isa = PBXFileReference; includeInIndex = 1; lastKnownFileType = sourcecode.swift; path = ductivaWidgetsBundle.swift; sourceTree = "<group>"; };
		C4D3047D312D4824B1FEB92B /* HabitTimelineProvider.swift */ = {isa = PBXFileReference; includeInIndex = 1; name = HabitTimelineProvider.swift; path = ductivaWidgets/HabitTimelineProvider.swift; sourceTree = "<group>"; };
		CA6DD409717A4593EC68C1D1 /* ductivaWidgets.swift */ = {isa = PBXFileReference; includeInIndex = 1; lastKnownFileType = sourcecode.swift; path = ductivaWidgets.swift; sourceTree = "<group>"; };
		CCC03042957F07E9FF1A8AB2 /* SwiftUI.framework */ = {isa = PBXFileReference; lastKnownFileType = wrapper.framework; name = SwiftUI.framework; path = System/Library/Frameworks/SwiftUI.framework; sourceTree = "<group>"; };
		DE6259B3314A1C345558E11E /* SharedContainer.swift */ = {isa = PBXFileReference; includeInIndex = 1; name = SharedContainer.swift; path = ductiva/SharedContainer.swift; sourceTree = "<group>"; };
		FAC0ADFD93B0C827C201EDA2 /* HabitStore.swift */ = {isa = PBXFileReference; includeInIndex = 1; lastKnownFileType = sourcecode.swift; name = HabitStore.swift; path = ductiva/HabitStore.swift; sourceTree = "<group>"; };
/* End PBXFileReference section */

/* Begin PBXFileSystemSynchronizedRootGroup section */
		85D95BA32F463421004AEA7D /* ductiva */ = {
			isa = PBXFileSystemSynchronizedRootGroup;
			exceptions = (
			);
			path = ductiva;
			sourceTree = "<group>";
		};
		A0B1C2D42F463421004AEA7D /* ductivaTests */ = {
			isa = PBXFileSystemSynchronizedRootGroup;
			exceptions = (
			);
			path = ductivaTests;
			sourceTree = "<group>";
		};
/* End PBXFileSystemSynchronizedRootGroup section */

/* Begin PBXFrameworksBuildPhase section */
		85D95B9E2F463421004AEA7D /* Frameworks */ = {
			isa = PBXFrameworksBuildPhase;
			buildActionMask = 2147483647;
			files = (
			);
			runOnlyForDeploymentPostprocessing = 0;
		};
		A0B1C2D52F463421004AEA7D /* Frameworks */ = {
			isa = PBXFrameworksBuildPhase;
			buildActionMask = 2147483647;
			files = (
			);
			runOnlyForDeploymentPostprocessing = 0;
		};
		CC3CEB866B11B5F1D46E64B1 /* Frameworks */ = {
			isa = PBXFrameworksBuildPhase;
			buildActionMask = 2147483647;
			files = (
				7C7B756B6F548D1AFD36BEC0 /* Foundation.framework in Frameworks */,
				4EE12300489FEA7D5F4E185E /* WidgetKit.framework in Frameworks */,
				4D51497A197329C1BC190014 /* SwiftUI.framework in Frameworks */,
				2F0A002CDDC064089FD55ACA /* AppIntents.framework in Frameworks */,
			);
			runOnlyForDeploymentPostprocessing = 0;
		};
/* End PBXFrameworksBuildPhase section */

/* Begin PBXGroup section */
		601DB1B0A9357694E1F4FF6E /* ductivaWidgets */ = {
			isa = PBXGroup;
			children = (
				C3EB200C78B38607C869C9D6 /* ductivaWidgetsBundle.swift */,
				CA6DD409717A4593EC68C1D1 /* ductivaWidgets.swift */,
			);
			path = ductivaWidgets;
			sourceTree = "<group>";
		};
		66CB1B0118225A6CE60224B5 /* OS X */ = {
			isa = PBXGroup;
			children = (
				0494D722D307F0BF359F7BBC /* Foundation.framework */,
			);
			name = "OS X";
			sourceTree = "<group>";
		};
		85D95B982F463421004AEA7D = {
			isa = PBXGroup;
			children = (
				85D95BA32F463421004AEA7D /* ductiva */,
				A0B1C2D42F463421004AEA7D /* ductivaTests */,
				85D95BA22F463421004AEA7D /* Products */,
				BAB03941BAE81410F71B49E8 /* Frameworks */,
				601DB1B0A9357694E1F4FF6E /* ductivaWidgets */,
				70BABFD22FF199987257FDC2 /* Habit.swift */,
				393C1F19CF4BFA83D18E3A1A /* Item.swift */,
				FAC0ADFD93B0C827C201EDA2 /* HabitStore.swift */,
				DE6259B3314A1C345558E11E /* SharedContainer.swift */,
				13999CFE919EB5BC19A11324 /* HabitSelectionIntent.swift */,
				C4D3047D312D4824B1FEB92B /* HabitTimelineProvider.swift */,
			);
			sourceTree = "<group>";
		};
		85D95BA22F463421004AEA7D /* Products */ = {
			isa = PBXGroup;
			children = (
				85D95BA12F463421004AEA7D /* ductiva.app */,
				A0B1C2D32F463421004AEA7D /* ductivaTests.xctest */,
				650454426FB169A32581DA70 /* ductivaWidgets.appex */,
			);
			name = Products;
			sourceTree = "<group>";
		};
		BAB03941BAE81410F71B49E8 /* Frameworks */ = {
			isa = PBXGroup;
			children = (
				66CB1B0118225A6CE60224B5 /* OS X */,
				52C42CFD1A1D9A9AB0DFE965 /* WidgetKit.framework */,
				CCC03042957F07E9FF1A8AB2 /* SwiftUI.framework */,
				83540EAD92B732DE07DA4D01 /* AppIntents.framework */,
			);
			name = Frameworks;
			sourceTree = "<group>";
		};
/* End PBXGroup section */

/* Begin PBXNativeTarget section */
		85D95BA02F463421004AEA7D /* ductiva */ = {
			isa = PBXNativeTarget;
			buildConfigurationList = 85D95BAE2F463422004AEA7D /* Build configuration list for PBXNativeTarget "ductiva" */;
			buildPhases = (
				85D95B9D2F463421004AEA7D /* Sources */,
				85D95B9E2F463421004AEA7D /* Frameworks */,
				85D95B9F2F463421004AEA7D /* Resources */,
				45E7C05DFCBD47C389ECAAD8 /* Embed Foundation Extensions */,
			);
			buildRules = (
			);
			dependencies = (
			);
			fileSystemSynchronizedGroups = (
				85D95BA32F463421004AEA7D /* ductiva */,
			);
			name = ductiva;
			productName = ductiva;
			productReference = 85D95BA12F463421004AEA7D /* ductiva.app */;
			productType = "com.apple.product-type.application";
		};
		A0B1C2D82F463421004AEA7D /* ductivaTests */ = {
			isa = PBXNativeTarget;
			buildConfigurationList = A0B1C2D92F463421004AEA7D /* Build configuration list for PBXNativeTarget "ductivaTests" */;
			buildPhases = (
				A0B1C2D72F463421004AEA7D /* Sources */,
				A0B1C2D52F463421004AEA7D /* Frameworks */,
				A0B1C2D62F463421004AEA7D /* Resources */,
			);
			buildRules = (
			);
			dependencies = (
				A0B1C2DD2F463421004AEA7D /* PBXTargetDependency */,
			);
			fileSystemSynchronizedGroups = (
				A0B1C2D42F463421004AEA7D /* ductivaTests */,
			);
			name = ductivaTests;
			productName = ductivaTests;
			productReference = A0B1C2D32F463421004AEA7D /* ductivaTests.xctest */;
			productType = "com.apple.product-type.bundle.unit-test";
		};
		D01C6EF3220761E0291544C9 /* ductivaWidgets */ = {
			isa = PBXNativeTarget;
			buildConfigurationList = 15F4BE99104307B43976FA12 /* Build configuration list for PBXNativeTarget "ductivaWidgets" */;
			buildPhases = (
				C26A775B8344001F39600FC0 /* Sources */,
				CC3CEB866B11B5F1D46E64B1 /* Frameworks */,
				9D6BD27B01A9DE4536C86BDD /* Resources */,
			);
			buildRules = (
			);
			dependencies = (
			);
			name = ductivaWidgets;
			productName = ductivaWidgets;
			productReference = 650454426FB169A32581DA70 /* ductivaWidgets.appex */;
			productType = "com.apple.product-type.app-extension";
		};
/* End PBXNativeTarget section */

/* Begin PBXProject section */
		85D95B992F463421004AEA7D /* Project object */ = {
			isa = PBXProject;
			attributes = {
				BuildIndependentTargetsInParallel = 1;
				LastSwiftUpdateCheck = 2620;
				LastUpgradeCheck = 2620;
				TargetAttributes = {
					85D95BA02F463421004AEA7D = {
						CreatedOnToolsVersion = 26.2;
					};
					A0B1C2D82F463421004AEA7D = {
						CreatedOnToolsVersion = 26.2;
						TestTargetID = 85D95BA02F463421004AEA7D;
					};
				};
			};
			buildConfigurationList = 85D95B9C2F463421004AEA7D /* Build configuration list for PBXProject "ductiva" */;
			developmentRegion = en;
			hasScannedForEncodings = 0;
			knownRegions = (
				en,
				Base,
			);
			mainGroup = 85D95B982F463421004AEA7D;
			minimizedProjectReferenceProxies = 1;
			preferredProjectObjectVersion = 77;
			productRefGroup = 85D95BA22F463421004AEA7D /* Products */;
			projectDirPath = "";
			projectRoot = "";
			targets = (
				85D95BA02F463421004AEA7D /* ductiva */,
				A0B1C2D82F463421004AEA7D /* ductivaTests */,
				D01C6EF3220761E0291544C9 /* ductivaWidgets */,
			);
		};
/* End PBXProject section */

/* Begin PBXResourcesBuildPhase section */
		85D95B9F2F463421004AEA7D /* Resources */ = {
			isa = PBXResourcesBuildPhase;
			buildActionMask = 2147483647;
			files = (
			);
			runOnlyForDeploymentPostprocessing = 0;
		};
		9D6BD27B01A9DE4536C86BDD /* Resources */ = {
			isa = PBXResourcesBuildPhase;
			buildActionMask = 2147483647;
			files = (
			);
			runOnlyForDeploymentPostprocessing = 0;
		};
		A0B1C2D62F463421004AEA7D /* Resources */ = {
			isa = PBXResourcesBuildPhase;
			buildActionMask = 2147483647;
			files = (
			);
			runOnlyForDeploymentPostprocessing = 0;
		};
/* End PBXResourcesBuildPhase section */

/* Begin PBXSourcesBuildPhase section */
		85D95B9D2F463421004AEA7D /* Sources */ = {
			isa = PBXSourcesBuildPhase;
			buildActionMask = 2147483647;
			files = (
			);
			runOnlyForDeploymentPostprocessing = 0;
		};
		A0B1C2D72F463421004AEA7D /* Sources */ = {
			isa = PBXSourcesBuildPhase;
			buildActionMask = 2147483647;
			files = (
			);
			runOnlyForDeploymentPostprocessing = 0;
		};
		C26A775B8344001F39600FC0 /* Sources */ = {
			isa = PBXSourcesBuildPhase;
			buildActionMask = 2147483647;
			files = (
				8301CEBBCF1DAA08FD7AE870 /* ductivaWidgetsBundle.swift in Sources */,
				F546DABB639BC485C89DB6B1 /* ductivaWidgets.swift in Sources */,
				779696B259FFDE96F48C3979 /* Habit.swift in Sources */,
				352098F920FB25A417210379 /* Item.swift in Sources */,
				00DC0C42356E512A02DDCE33 /* HabitStore.swift in Sources */,
				2A669B780D63ACF24C9112DC /* SharedContainer.swift in Sources */,
				E79569714B622F9B149D21CA /* HabitSelectionIntent.swift in Sources */,
				109D4108173DB5394F39B9B1 /* HabitTimelineProvider.swift in Sources */,
			);
			runOnlyForDeploymentPostprocessing = 0;
		};
/* End PBXSourcesBuildPhase section */

/* Begin PBXTargetDependency section */
		A0B1C2DD2F463421004AEA7D /* PBXTargetDependency */ = {
			isa = PBXTargetDependency;
			target = 85D95BA02F463421004AEA7D /* ductiva */;
			targetProxy = A0B1C2DC2F463421004AEA7D /* PBXContainerItemProxy */;
		};
/* End PBXTargetDependency section */

/* Begin XCBuildConfiguration section */
		3A96A60B75778336BD40314A /* Debug */ = {
			isa = XCBuildConfiguration;
			buildSettings = {
				CODE_SIGN_ENTITLEMENTS = ductivaWidgets/ductivaWidgets.entitlements;
				INFOPLIST_FILE = ductivaWidgets/Info.plist;
				MACOSX_DEPLOYMENT_TARGET = 14.0;
				PRODUCT_BUNDLE_IDENTIFIER = dev.davidsaint.ductiva.ductivaWidgets;
				PRODUCT_MODULE_NAME = ductivaWidgets;
				PRODUCT_NAME = ductivaWidgets;
				SKIP_INSTALL = YES;
				SWIFT_VERSION = 5.0;
			};
			name = Debug;
		};
		68A157B29C20AA91EAD95E7F /* Release */ = {
			isa = XCBuildConfiguration;
			buildSettings = {
				CODE_SIGN_ENTITLEMENTS = ductivaWidgets/ductivaWidgets.entitlements;
				INFOPLIST_FILE = ductivaWidgets/Info.plist;
				MACOSX_DEPLOYMENT_TARGET = 14.0;
				PRODUCT_BUNDLE_IDENTIFIER = dev.davidsaint.ductiva.ductivaWidgets;
				PRODUCT_MODULE_NAME = ductivaWidgets;
				PRODUCT_NAME = ductivaWidgets;
				SKIP_INSTALL = YES;
				SWIFT_VERSION = 5.0;
			};
			name = Release;
		};
		85D95BAC2F463422004AEA7D /* Debug */ = {
			isa = XCBuildConfiguration;
			buildSettings = {
				ALWAYS_SEARCH_USER_PATHS = NO;
				ASSETCATALOG_COMPILER_GENERATE_SWIFT_ASSET_SYMBOL_EXTENSIONS = YES;
				CLANG_ANALYZER_NONNULL = YES;
				CLANG_ANALYZER_NUMBER_OBJECT_CONVERSION = YES_AGGRESSIVE;
				CLANG_CXX_LANGUAGE_STANDARD = "gnu++20";
				CLANG_ENABLE_MODULES = YES;
				CLANG_ENABLE_OBJC_ARC = YES;
				CLANG_ENABLE_OBJC_WEAK = YES;
				CLANG_WARN_BLOCK_CAPTURE_AUTORELEASING = YES;
				CLANG_WARN_BOOL_CONVERSION = YES;
				CLANG_WARN_COMMA = YES;
				CLANG_WARN_CONSTANT_CONVERSION = YES;
				CLANG_WARN_DEPRECATED_OBJC_IMPLEMENTATIONS = YES;
				CLANG_WARN_DIRECT_OBJC_ISA_USAGE = YES_ERROR;
				CLANG_WARN_DOCUMENTATION_COMMENTS = YES;
				CLANG_WARN_EMPTY_BODY = YES;
				CLANG_WARN_ENUM_CONVERSION = YES;
				CLANG_WARN_INFINITE_RECURSION = YES;
				CLANG_WARN_INT_CONVERSION = YES;
				CLANG_WARN_NON_LITERAL_NULL_CONVERSION = YES;
				CLANG_WARN_OBJC_IMPLICIT_RETAIN_SELF = YES;
				CLANG_WARN_OBJC_LITERAL_CONVERSION = YES;
				CLANG_WARN_OBJC_ROOT_CLASS = YES_ERROR;
				CLANG_WARN_QUOTED_INCLUDE_IN_FRAMEWORK_HEADER = YES;
				CLANG_WARN_RANGE_LOOP_ANALYSIS = YES;
				CLANG_WARN_STRICT_PROTOTYPES = YES;
				CLANG_WARN_SUSPICIOUS_MOVE = YES;
				CLANG_WARN_UNGUARDED_AVAILABILITY = YES_AGGRESSIVE;
				CLANG_WARN_UNREACHABLE_CODE = YES;
				CLANG_WARN__DUPLICATE_METHOD_MATCH = YES;
				COPY_PHASE_STRIP = NO;
				DEBUG_INFORMATION_FORMAT = dwarf;
				DEVELOPMENT_TEAM = 62LTV4PK7X;
				ENABLE_STRICT_OBJC_MSGSEND = YES;
				ENABLE_TESTABILITY = YES;
				ENABLE_USER_SCRIPT_SANDBOXING = YES;
				GCC_C_LANGUAGE_STANDARD = gnu17;
				GCC_DYNAMIC_NO_PIC = NO;
				GCC_NO_COMMON_BLOCKS = YES;
				GCC_OPTIMIZATION_LEVEL = 0;
				GCC_PREPROCESSOR_DEFINITIONS = (
					"DEBUG=1",
					"$(inherited)",
				);
				GCC_WARN_64_TO_32_BIT_CONVERSION = YES;
				GCC_WARN_ABOUT_RETURN_TYPE = YES_ERROR;
				GCC_WARN_UNDECLARED_SELECTOR = YES;
				GCC_WARN_UNINITIALIZED_AUTOS = YES_AGGRESSIVE;
				GCC_WARN_UNUSED_FUNCTION = YES;
				GCC_WARN_UNUSED_VARIABLE = YES;
				LOCALIZATION_PREFERS_STRING_CATALOGS = YES;
				MACOSX_DEPLOYMENT_TARGET = 26.2;
				MTL_ENABLE_DEBUG_INFO = INCLUDE_SOURCE;
				MTL_FAST_MATH = YES;
				ONLY_ACTIVE_ARCH = YES;
				SDKROOT = macosx;
				SWIFT_ACTIVE_COMPILATION_CONDITIONS = "DEBUG $(inherited)";
				SWIFT_OPTIMIZATION_LEVEL = "-Onone";
			};
			name = Debug;
		};
		85D95BAD2F463422004AEA7D /* Release */ = {
			isa = XCBuildConfiguration;
			buildSettings = {
				ALWAYS_SEARCH_USER_PATHS = NO;
				ASSETCATALOG_COMPILER_GENERATE_SWIFT_ASSET_SYMBOL_EXTENSIONS = YES;
				CLANG_ANALYZER_NONNULL = YES;
				CLANG_ANALYZER_NUMBER_OBJECT_CONVERSION = YES_AGGRESSIVE;
				CLANG_CXX_LANGUAGE_STANDARD = "gnu++20";
				CLANG_ENABLE_MODULES = YES;
				CLANG_ENABLE_OBJC_ARC = YES;
				CLANG_ENABLE_OBJC_WEAK = YES;
				CLANG_WARN_BLOCK_CAPTURE_AUTORELEASING = YES;
				CLANG_WARN_BOOL_CONVERSION = YES;
				CLANG_WARN_COMMA = YES;
				CLANG_WARN_CONSTANT_CONVERSION = YES;
				CLANG_WARN_DEPRECATED_OBJC_IMPLEMENTATIONS = YES;
				CLANG_WARN_DIRECT_OBJC_ISA_USAGE = YES_ERROR;
				CLANG_WARN_DOCUMENTATION_COMMENTS = YES;
				CLANG_WARN_EMPTY_BODY = YES;
				CLANG_WARN_ENUM_CONVERSION = YES;
				CLANG_WARN_INFINITE_RECURSION = YES;
				CLANG_WARN_INT_CONVERSION = YES;
				CLANG_WARN_NON_LITERAL_NULL_CONVERSION = YES;
				CLANG_WARN_OBJC_IMPLICIT_RETAIN_SELF = YES;
				CLANG_WARN_OBJC_LITERAL_CONVERSION = YES;
				CLANG_WARN_OBJC_ROOT_CLASS = YES_ERROR;
				CLANG_WARN_QUOTED_INCLUDE_IN_FRAMEWORK_HEADER = YES;
				CLANG_WARN_RANGE_LOOP_ANALYSIS = YES;
				CLANG_WARN_STRICT_PROTOTYPES = YES;
				CLANG_WARN_SUSPICIOUS_MOVE = YES;
				CLANG_WARN_UNGUARDED_AVAILABILITY = YES_AGGRESSIVE;
				CLANG_WARN_UNREACHABLE_CODE = YES;
				CLANG_WARN__DUPLICATE_METHOD_MATCH = YES;
				COPY_PHASE_STRIP = NO;
				DEBUG_INFORMATION_FORMAT = "dwarf-with-dsym";
				DEVELOPMENT_TEAM = 62LTV4PK7X;
				ENABLE_NS_ASSERTIONS = NO;
				ENABLE_STRICT_OBJC_MSGSEND = YES;
				ENABLE_USER_SCRIPT_SANDBOXING = YES;
				GCC_C_LANGUAGE_STANDARD = gnu17;
				GCC_NO_COMMON_BLOCKS = YES;
				GCC_WARN_64_TO_32_BIT_CONVERSION = YES;
				GCC_WARN_ABOUT_RETURN_TYPE = YES_ERROR;
				GCC_WARN_UNDECLARED_SELECTOR = YES;
				GCC_WARN_UNINITIALIZED_AUTOS = YES_AGGRESSIVE;
				GCC_WARN_UNUSED_FUNCTION = YES;
				GCC_WARN_UNUSED_VARIABLE = YES;
				LOCALIZATION_PREFERS_STRING_CATALOGS = YES;
				MACOSX_DEPLOYMENT_TARGET = 26.2;
				MTL_ENABLE_DEBUG_INFO = NO;
				MTL_FAST_MATH = YES;
				SDKROOT = macosx;
				SWIFT_COMPILATION_MODE = wholemodule;
			};
			name = Release;
		};
		85D95BAF2F463422004AEA7D /* Debug */ = {
			isa = XCBuildConfiguration;
			buildSettings = {
				ASSETCATALOG_COMPILER_APPICON_NAME = AppIcon;
				ASSETCATALOG_COMPILER_GLOBAL_ACCENT_COLOR_NAME = AccentColor;
				CODE_SIGN_ENTITLEMENTS = ductiva/ductiva.entitlements;
				CODE_SIGN_STYLE = Automatic;
				COMBINE_HIDPI_IMAGES = YES;
				CURRENT_PROJECT_VERSION = 1;
				DEVELOPMENT_TEAM = 62LTV4PK7X;
				ENABLE_APP_SANDBOX = YES;
				ENABLE_HARDENED_RUNTIME = YES;
				ENABLE_PREVIEWS = YES;
				ENABLE_USER_SELECTED_FILES = readonly;
				GENERATE_INFOPLIST_FILE = YES;
				INFOPLIST_KEY_NSHumanReadableCopyright = "";
				LD_RUNPATH_SEARCH_PATHS = (
					"$(inherited)",
					"@executable_path/../Frameworks",
				);
				MARKETING_VERSION = 1.0;
				PRODUCT_BUNDLE_IDENTIFIER = dev.davidsaint.ductiva;
				PRODUCT_NAME = "$(TARGET_NAME)";
				REGISTER_APP_GROUPS = YES;
				STRING_CATALOG_GENERATE_SYMBOLS = YES;
				SWIFT_APPROACHABLE_CONCURRENCY = YES;
				SWIFT_DEFAULT_ACTOR_ISOLATION = MainActor;
				SWIFT_EMIT_LOC_STRINGS = YES;
				SWIFT_UPCOMING_FEATURE_MEMBER_IMPORT_VISIBILITY = YES;
				SWIFT_VERSION = 5.0;
			};
			name = Debug;
		};
		85D95BB02F463422004AEA7D /* Release */ = {
			isa = XCBuildConfiguration;
			buildSettings = {
				ASSETCATALOG_COMPILER_APPICON_NAME = AppIcon;
				ASSETCATALOG_COMPILER_GLOBAL_ACCENT_COLOR_NAME = AccentColor;
				CODE_SIGN_ENTITLEMENTS = ductiva/ductiva.entitlements;
				CODE_SIGN_STYLE = Automatic;
				COMBINE_HIDPI_IMAGES = YES;
				CURRENT_PROJECT_VERSION = 1;
				DEVELOPMENT_TEAM = 62LTV4PK7X;
				ENABLE_APP_SANDBOX = YES;
				ENABLE_HARDENED_RUNTIME = YES;
				ENABLE_PREVIEWS = YES;
				ENABLE_USER_SELECTED_FILES = readonly;
				GENERATE_INFOPLIST_FILE = YES;
				INFOPLIST_KEY_NSHumanReadableCopyright = "";
				LD_RUNPATH_SEARCH_PATHS = (
					"$(inherited)",
					"@executable_path/../Frameworks",
				);
				MARKETING_VERSION = 1.0;
				PRODUCT_BUNDLE_IDENTIFIER = dev.davidsaint.ductiva;
				PRODUCT_NAME = "$(TARGET_NAME)";
				REGISTER_APP_GROUPS = YES;
				STRING_CATALOG_GENERATE_SYMBOLS = YES;
				SWIFT_APPROACHABLE_CONCURRENCY = YES;
				SWIFT_DEFAULT_ACTOR_ISOLATION = MainActor;
				SWIFT_EMIT_LOC_STRINGS = YES;
				SWIFT_UPCOMING_FEATURE_MEMBER_IMPORT_VISIBILITY = YES;
				SWIFT_VERSION = 5.0;
			};
			name = Release;
		};
		A0B1C2DA2F463421004AEA7D /* Debug */ = {
			isa = XCBuildConfiguration;
			buildSettings = {
				BUNDLE_LOADER = "$(TEST_HOST)";
				CODE_SIGN_STYLE = Automatic;
				CURRENT_PROJECT_VERSION = 1;
				DEVELOPMENT_TEAM = 62LTV4PK7X;
				GENERATE_INFOPLIST_FILE = YES;
				MACOSX_DEPLOYMENT_TARGET = 26.2;
				PRODUCT_BUNDLE_IDENTIFIER = dev.davidsaint.ductivaTests;
				PRODUCT_NAME = "$(TARGET_NAME)";
				STRING_CATALOG_GENERATE_SYMBOLS = YES;
				SWIFT_APPROACHABLE_CONCURRENCY = YES;
				SWIFT_DEFAULT_ACTOR_ISOLATION = MainActor;
				SWIFT_EMIT_LOC_STRINGS = YES;
				SWIFT_UPCOMING_FEATURE_MEMBER_IMPORT_VISIBILITY = YES;
				SWIFT_VERSION = 5.0;
				TEST_HOST = "$(BUILT_PRODUCTS_DIR)/ductiva.app/Contents/MacOS/ductiva";
			};
			name = Debug;
		};
		A0B1C2DB2F463421004AEA7D /* Release */ = {
			isa = XCBuildConfiguration;
			buildSettings = {
				BUNDLE_LOADER = "$(TEST_HOST)";
				CODE_SIGN_STYLE = Automatic;
				CURRENT_PROJECT_VERSION = 1;
				DEVELOPMENT_TEAM = 62LTV4PK7X;
				GENERATE_INFOPLIST_FILE = YES;
				MACOSX_DEPLOYMENT_TARGET = 26.2;
				PRODUCT_BUNDLE_IDENTIFIER = dev.davidsaint.ductivaTests;
				PRODUCT_NAME = "$(TARGET_NAME)";
				STRING_CATALOG_GENERATE_SYMBOLS = YES;
				SWIFT_APPROACHABLE_CONCURRENCY = YES;
				SWIFT_DEFAULT_ACTOR_ISOLATION = MainActor;
				SWIFT_EMIT_LOC_STRINGS = YES;
				SWIFT_UPCOMING_FEATURE_MEMBER_IMPORT_VISIBILITY = YES;
				SWIFT_VERSION = 5.0;
				TEST_HOST = "$(BUILT_PRODUCTS_DIR)/ductiva.app/Contents/MacOS/ductiva";
			};
			name = Release;
		};
/* End XCBuildConfiguration section */

/* Begin XCConfigurationList section */
		15F4BE99104307B43976FA12 /* Build configuration list for PBXNativeTarget "ductivaWidgets" */ = {
			isa = XCConfigurationList;
			buildConfigurations = (
				68A157B29C20AA91EAD95E7F /* Release */,
				3A96A60B75778336BD40314A /* Debug */,
			);
			defaultConfigurationIsVisible = 0;
			defaultConfigurationName = Release;
		};
		85D95B9C2F463421004AEA7D /* Build configuration list for PBXProject "ductiva" */ = {
			isa = XCConfigurationList;
			buildConfigurations = (
				85D95BAC2F463422004AEA7D /* Debug */,
				85D95BAD2F463422004AEA7D /* Release */,
			);
			defaultConfigurationIsVisible = 0;
			defaultConfigurationName = Release;
		};
		85D95BAE2F463422004AEA7D /* Build configuration list for PBXNativeTarget "ductiva" */ = {
			isa = XCConfigurationList;
			buildConfigurations = (
				85D95BAF2F463422004AEA7D /* Debug */,
				85D95BB02F463422004AEA7D /* Release */,
			);
			defaultConfigurationIsVisible = 0;
			defaultConfigurationName = Release;
		};
		A0B1C2D92F463421004AEA7D /* Build configuration list for PBXNativeTarget "ductivaTests" */ = {
			isa = XCConfigurationList;
			buildConfigurations = (
				A0B1C2DA2F463421004AEA7D /* Debug */,
				A0B1C2DB2F463421004AEA7D /* Release */,
			);
			defaultConfigurationIsVisible = 0;
			defaultConfigurationName = Release;
		};
/* End XCConfigurationList section */
	};
	rootObject = 85D95B992F463421004AEA7D /* Project object */;
}
